
Microsoft Visual Studio Solution File, Format Version 12.00
# Visual Studio Version 16
VisualStudioVersion = 16.0.32228.343
MinimumVisualStudioVersion = 10.0.40219.1
Project("{9A19103F-16F7-4668-BE54-9A1E7A4F7556}") = "CoreSocial.BusinessLayer", "src\CoreSocial.BusinessLayer\CoreSocial.BusinessLayer.csproj", "{933A532D-E52C-4990-8D32-FFD94A781FD3}"
EndProject
Project("{9A19103F-16F7-4668-BE54-9A1E7A4F7556}") = "CoreSocial.DataLayer", "src\CoreSocial.DataLayer\CoreSocial.DataLayer.csproj", "{252B1A16-83ED-4A14-A7AD-9CDE325D9B85}"
EndProject
Project("{9A19103F-16F7-4668-BE54-9A1E7A4F7556}") = "CoreSocial.PresentationLayer", "src\CoreSocial.PresentationLayer\CoreSocial.PresentationLayer.csproj", "{83464A8A-4773-4E16-9038-DAD1045120D4}"
EndProject
Project("{9A19103F-16F7-4668-BE54-9A1E7A4F7556}") = "CoreSocial.Utils", "src\CoreSocial.Utils\CoreSocial.Utils.csproj", "{E857F22C-0CA1-4224-A020-E5A34D54164E}"
EndProject
Project("{9A19103F-16F7-4668-BE54-9A1E7A4F7556}") = "CoreSocial.Tests", "tests\CoreSocial.Tests\CoreSocial.Tests.csproj", "{0B6447C7-A970-41A2-A8FB-01D05B03F503}"
EndProject
Project("{2150E333-8FDC-42A3-9474-1A3956D46DE8}") = "0-Utils", "0-Utils", "{081AB3DB-B741-42CF-BC59-16D32AC6C856}"
EndProject
Project("{2150E333-8FDC-42A3-9474-1A3956D46DE8}") = "1-DataLayer", "1-DataLayer", "{23303DC1-6ABA-44A5-AF96-0DE2E713C48E}"
EndProject
Project("{2150E333-8FDC-42A3-9474-1A3956D46DE8}") = "2-BusinessLayer", "2-BusinessLayer", "{320D023F-C4A5-4554-842C-2FBB1E502537}"
EndProject
Project("{2150E333-8FDC-42A3-9474-1A3956D46DE8}") = "3-PresentationLayer", "3-PresentationLayer", "{7D3C76E4-E277-4BA1-9209-A7DC67B03E0D}"
EndProject
Project("{2150E333-8FDC-42A3-9474-1A3956D46DE8}") = "Tests", "Tests", "{DC50DAAA-EC79-4DE7-ADF7-4DACFC662521}"
EndProject
Global
	GlobalSection(SolutionConfigurationPlatforms) = preSolution
		Debug|Any CPU = Debug|Any CPU
		Release|Any CPU = Release|Any CPU
	EndGlobalSection
	GlobalSection(ProjectConfigurationPlatforms) = postSolution
		{933A532D-E52C-4990-8D32-FFD94A781FD3}.Debug|Any CPU.ActiveCfg = Debug|Any CPU
		{933A532D-E52C-4990-8D32-FFD94A781FD3}.Debug|Any CPU.Build.0 = Debug|Any CPU
		{933A532D-E52C-4990-8D32-FFD94A781FD3}.Release|Any CPU.ActiveCfg = Release|Any CPU
		{933A532D-E52C-4990-8D32-FFD94A781FD3}.Release|Any CPU.Build.0 = Release|Any CPU
		{252B1A16-83ED-4A14-A7AD-9CDE325D9B85}.Debug|Any CPU.ActiveCfg = Debug|Any CPU
		{252B1A16-83ED-4A14-A7AD-9CDE325D9B85}.Debug|Any CPU.Build.0 = Debug|Any CPU
		{252B1A16-83ED-4A14-A7AD-9CDE325D9B85}.Release|Any CPU.ActiveCfg = Release|Any CPU
		{252B1A16-83ED-4A14-A7AD-9CDE325D9B85}.Release|Any CPU.Build.0 = Release|Any CPU
		{83464A8A-4773-4E16-9038-DAD1045120D4}.Debug|Any CPU.ActiveCfg = Debug|Any CPU
		{83464A8A-4773-4E16-9038-DAD1045120D4}.Debug|Any CPU.Build.0 = Debug|Any CPU
		{83464A8A-4773-4E16-9038-DAD1045120D4}.Release|Any CPU.ActiveCfg = Release|Any CPU
		{83464A8A-4773-4E16-9038-DAD1045120D4}.Release|Any CPU.Build.0 = Release|Any CPU
		{E857F22C-0CA1-4224-A020-E5A34D54164E}.Debug|Any CPU.ActiveCfg = Debug|Any CPU
		{E857F22C-0CA1-4224-A020-E5A34D54164E}.Debug|Any CPU.Build.0 = Debug|Any CPU
		{E857F22C-0CA1-4224-A020-E5A34D54164E}.Release|Any CPU.ActiveCfg = Release|Any CPU
		{E857F22C-0CA1-4224-A020-E5A34D54164E}.Release|Any CPU.Build.0 = Release|Any CPU
		{0B6447C7-A970-41A2-A8FB-01D05B03F503}.Debug|Any CPU.ActiveCfg = Debug|Any CPU
		{0B6447C7-A970-41A2-A8FB-01D05B03F503}.Debug|Any CPU.Build.0 = Debug|Any CPU
		{0B6447C7-A970-41A2-A8FB-01D05B03F503}.Release|Any CPU.ActiveCfg = Release|Any CPU
		{0B6447C7-A970-41A2-A8FB-01D05B03F503}.Release|Any CPU.Build.0 = Release|Any CPU
	EndGlobalSection
	GlobalSection(SolutionProperties) = preSolution
		HideSolutionNode = FALSE
	EndGlobalSection
	GlobalSection(NestedProjects) = preSolution
		{933A532D-E52C-4990-8D32-FFD94A781FD3} = {320D023F-C4A5-4554-842C-2FBB1E502537}
		{252B1A16-83ED-4A14-A7AD-9CDE325D9B85} = {23303DC1-6ABA-44A5-AF96-0DE2E713C48E}
		{83464A8A-4773-4E16-9038-DAD1045120D4} = {7D3C76E4-E277-4BA1-9209-A7DC67B03E0D}
		{E857F22C-0CA1-4224-A020-E5A34D54164E} = {081AB3DB-B741-42CF-BC59-16D32AC6C856}
		{0B6447C7-A970-41A2-A8FB-01D05B03F503} = {DC50DAAA-EC79-4DE7-ADF7-4DACFC662521}
	EndGlobalSection
	GlobalSection(ExtensibilityGlobals) = postSolution
		SolutionGuid = {EA5DA8E9-8D35-4413-97CF-E4532175E475}
	EndGlobalSection
EndGlobal
